{
  "name": "codex-micro-spotify-router",
  "version": "0.1.0",
  "lockfileVersion": 3,
  "requires": true,
  "packages": {
    "": {
      "name": "codex-micro-spotify-router",
      "version": "0.1.0",
      "dependencies": {
        "esptool-js": "0.6.0",
        "node-hid": "3.1.0",
        "semver": "7.7.2"
      }
    },
    "node_modules/atob-lite": {
      "version": "2.0.0",
      "resolved": "https://registry.npmjs.org/atob-lite/-/atob-lite-2.0.0.tgz",
      "integrity": "sha512-LEeSAWeh2Gfa2FtlQE1shxQ8zi5F9GHarrGKz08TMdODD5T4eH6BMsvtnhbWZ+XQn+Gb6om/917ucvRu7l7ukw==",
      "license": "MIT"
    },
    "node_modules/esptool-js": {
      "version": "0.6.0",
      "resolved": "https://registry.npmjs.org/esptool-js/-/esptool-js-0.6.0.tgz",
      "integrity": "sha512-ZyuSBXvmS+4DRKM6GrDHfCscnq3YSNlRfM+Zw0DoS7uC3SdkyC262s/ji4MjDYVmMH8SE2BiYx3/dZ1J23Xiew==",
      "license": "Apache-2.0",
      "dependencies": {
        "atob-lite": "^2.0.0",
        "pako": "^2.1.0",
        "tslib": "^2.4.1"
      }
    },
    "node_modules/node-addon-api": {
      "version": "3.2.1",
      "resolved": "https://registry.npmjs.org/node-addon-api/-/node-addon-api-3.2.1.tgz",
      "integrity": "sha512-mmcei9JghVNDYydghQmeDX8KoAm0FAiYyIcUt/N4nhyAipB17pllZQDOJD2fotxABnt4Mdz+dKTO7eftLg4d0A==",
      "license": "MIT"
    },
    "node_modules/node-hid": {
      "version": "3.1.0",
      "resolved": "https://registry.npmjs.org/node-hid/-/node-hid-3.1.0.tgz",
      "integrity": "sha512-YCTD1Ad3PHavx2+hY0QA468pn/gKa44U+fWB1KkRswisWtTROtBzdbmY+Xrm+QZSBCGTkdkgke7Ce606WcGxiQ==",
      "hasInstallScript": true,
      "license": "(MIT OR X11)",
      "dependencies": {
        "node-addon-api": "^3.2.1",
        "pkg-prebuilds": "^1.0.0"
      },
      "bin": {
        "hid-showdevices": "src/show-devices.js"
      },
      "engines": {
        "node": ">=10.16"
      }
    },
    "node_modules/pako": {
      "version": "2.2.0",
      "resolved": "https://registry.npmjs.org/pako/-/pako-2.2.0.tgz",
      "integrity": "sha512-zJq6RP/5q+TO2OpFV3FHzlPnFjmkb7Nc99a5SNjJE+uu/PkpChs+NIZSSzbBoD+6kjiISXjfYdwj1ZRQ81dz/w==",
      "funding": [
        {
          "type": "github",
          "url": "https://github.com/sponsors/puzrin"
        },
        {
          "type": "github",
          "url": "https://github.com/sponsors/nodeca"
        }
      ],
      "license": "(MIT AND Zlib)"
    },
    "node_modules/pkg-prebuilds": {
      "version": "1.1.0",
      "resolved": "https://registry.npmjs.org/pkg-prebuilds/-/pkg-prebuilds-1.1.0.tgz",
      "integrity": "sha512-jyai+KTQ2OwbN6iRYw88XbYOMgtpoSYJpjYebx7d9ihqz3txNi3ucsBt3va0iVWe6svSlaqpijMHFF/eJCMZzg==",
      "license": "MIT",
      "bin": {
        "pkg-prebuilds-copy": "bin/copy.mjs",
        "pkg-prebuilds-verify": "bin/verify.mjs"
      },
      "engines": {
        "node": ">= 14.15.0"
      }
    },
    "node_modules/semver": {
      "version": "7.7.2",
      "resolved": "https://registry.npmjs.org/semver/-/semver-7.7.2.tgz",
      "integrity": "sha512-RF0Fw+rO5AMf9MAyaRXI4AV0Ulj5lMHqVxxdSgiVbixSCXoEmmX/jk0CuJw4+3SqroYO9VoUh+HcuJivvtJemA==",
      "license": "ISC",
      "bin": {
        "semver": "bin/semver.js"
      },
      "engines": {
        "node": ">=10"
      }
    },
    "node_modules/tslib": {
      "version": "2.8.1",
      "resolved": "https://registry.npmjs.org/tslib/-/tslib-2.8.1.tgz",
      "integrity": "sha512-oJFu94HQb+KVduSUQL7wnpmqnfmLsOA/nAh6b6EH0wCEoK0/mPeXU6c3wKDV83MkOuHPRHtSXKKU99IBazS/2w==",
      "license": "0BSD"
    }
  }
}
